// !$*UTF8*$!
{
	archiveVersion = 1;
	classes = {
	};
	objectVersion = 46;
	objects = {

/* Begin PBXBuildFile section */
		220854591C225A3400B27AF8 /* main.m in Sources */ = {isa = PBXBuildFile; fileRef = 220854581C225A3400B27AF8 /* main.m */; };
		2208545C1C225A3400B27AF8 /* AppDelegate.m in Sources */ = {isa = PBXBuildFile; fileRef = 2208545B1C225A3400B27AF8 /* AppDelegate.m */; };
		220854621C225A3400B27AF8 /* Main.storyboard in Resources */ = {isa = PBXBuildFile; fileRef = 220854601C225A3400B27AF8 /* Main.storyboard */; };
		220854641C225A3400B27AF8 /* Images.xcassets in Resources */ = {isa = PBXBuildFile; fileRef = 220854631C225A3400B27AF8 /* Images.xcassets */; };
		220854671C225A3400B27AF8 /* LaunchScreen.xib in Resources */ = {isa = PBXBuildFile; fileRef = 220854651C225A3400B27AF8 /* LaunchScreen.xib */; };
		220854731C225A3400B27AF8 /* TriviaTests.m in Sources */ = {isa = PBXBuildFile; fileRef = 220854721C225A3400B27AF8 /* TriviaTests.m */; };
		22DE3AC21C47052A0075D5C3 /* LanguagesTableViewController.m in Sources */ = {isa = PBXBuildFile; fileRef = 22DE3AC11C47052A0075D5C3 /* LanguagesTableViewController.m */; };
		22DE3AC51C4712A80075D5C3 /* QuestionsTableViewController.m in Sources */ = {isa = PBXBuildFile; fileRef = 22DE3AC41C4712A80075D5C3 /* QuestionsTableViewController.m */; };
		22DE3AC81C4827BB0075D5C3 /* QuestionViewController.m in Sources */ = {isa = PBXBuildFile; fileRef = 22DE3AC71C4827BB0075D5C3 /* QuestionViewController.m */; };
		22DE3ACF1C497EF80075D5C3 /* C.png in Resources */ = {isa = PBXBuildFile; fileRef = 22DE3ACA1C497EF80075D5C3 /* C.png */; };
		22DE3AD01C497EF80075D5C3 /* Java.png in Resources */ = {isa = PBXBuildFile; fileRef = 22DE3ACB1C497EF80075D5C3 /* Java.png */; };
		22DE3AD11C497EF80075D5C3 /* Javascript.png in Resources */ = {isa = PBXBuildFile; fileRef = 22DE3ACC1C497EF80075D5C3 /* Javascript.png */; };
		22DE3AD21C497EF80075D5C3 /* Python.png in Resources */ = {isa = PBXBuildFile; fileRef = 22DE3ACD1C497EF80075D5C3 /* Python.png */; };
		22DE3AD31C497EF80075D5C3 /* Ruby.png in Resources */ = {isa = PBXBuildFile; fileRef = 22DE3ACE1C497EF80075D5C3 /* Ruby.png */; };
/* End PBXBuildFile section */

/* Begin PBXContainerItemProxy section */
		2208546D1C225A3400B27AF8 /* PBXContainerItemProxy */ = {
			isa = PBXContainerItemProxy;
			containerPortal = 2208544B1C225A3400B27AF8 /* Project object */;
			proxyType = 1;
			remoteGlobalIDString = 220854521C225A3400B27AF8;
			remoteInfo = Trivia;
		};
/* End PBXContainerItemProxy section */

/* Begin PBXFileReference section */
		220854531C225A3400B27AF8 /* Trivia.app */ = {isa = PBXFileReference; explicitFileType = wrapper.application; includeInIndex = 0; path = Trivia.app; sourceTree = BUILT_PRODUCTS_DIR; };
		220854571C225A3400B27AF8 /* Info.plist */ = {isa = PBXFileReference; lastKnownFileType = text.plist.xml; path = Info.plist; sourceTree = "<group>"; };
		220854581C225A3400B27AF8 /* main.m */ = {isa = PBXFileReference; lastKnownFileType = sourcecode.c.objc; path = main.m; sourceTree = "<group>"; };
		2208545A1C225A3400B27AF8 /* AppDelegate.h */ = {isa = PBXFileReference; lastKnownFileType = sourcecode.c.h; path = AppDelegate.h; sourceTree = "<group>"; };
		2208545B1C225A3400B27AF8 /* AppDelegate.m */ = {isa = PBXFileReference; lastKnownFileType = sourcecode.c.objc; path = AppDelegate.m; sourceTree = "<group>"; };
		220854611C225A3400B27AF8 /* Base */ = {isa = PBXFileReference; lastKnownFileType = file.storyboard; name = Base; path = Base.lproj/Main.storyboard; sourceTree = "<group>"; };
		220854631C225A3400B27AF8 /* Images.xcassets */ = {isa = PBXFileReference; lastKnownFileType = folder.assetcatalog; path = Images.xcassets; sourceTree = "<group>"; };
		220854661C225A3400B27AF8 /* Base */ = {isa = PBXFileReference; lastKnownFileType = file.xib; name = Base; path = Base.lproj/LaunchScreen.xib; sourceTree = "<group>"; };
		2208546C1C225A3400B27AF8 /* TriviaTests.xctest */ = {isa = PBXFileReference; explicitFileType = wrapper.cfbundle; includeInIndex = 0; path = TriviaTests.xctest; sourceTree = BUILT_PRODUCTS_DIR; };
		220854711C225A3400B27AF8 /* Info.plist */ = {isa = PBXFileReference; lastKnownFileType = text.plist.xml; path = Info.plist; sourceTree = "<group>"; };
		220854721C225A3400B27AF8 /* TriviaTests.m */ = {isa = PBXFileReference; lastKnownFileType = sourcecode.c.objc; path = TriviaTests.m; sourceTree = "<group>"; };
		22DE3AC01C47052A0075D5C3 /* LanguagesTableViewController.h */ = {isa = PBXFileReference; fileEncoding = 4; lastKnownFileType = sourcecode.c.h; path = LanguagesTableViewController.h; sourceTree = "<group>"; };
		22DE3AC11C47052A0075D5C3 /* LanguagesTableViewController.m */ = {isa = PBXFileReference; fileEncoding = 4; lastKnownFileType = sourcecode.c.objc; path = LanguagesTableViewController.m; sourceTree = "<group>"; };
		22DE3AC31C4712A80075D5C3 /* QuestionsTableViewController.h */ = {isa = PBXFileReference; fileEncoding = 4; lastKnownFileType = sourcecode.c.h; path = QuestionsTableViewController.h; sourceTree = "<group>"; };
		22DE3AC41C4712A80075D5C3 /* QuestionsTableViewController.m */ = {isa = PBXFileReference; fileEncoding = 4; lastKnownFileType = sourcecode.c.objc; path = QuestionsTableViewController.m; sourceTree = "<group>"; };
		22DE3AC61C4827BB0075D5C3 /* QuestionViewController.h */ = {isa = PBXFileReference; fileEncoding = 4; lastKnownFileType = sourcecode.c.h; path = QuestionViewController.h; sourceTree = "<group>"; };
		22DE3AC71C4827BB0075D5C3 /* QuestionViewController.m */ = {isa = PBXFileReference; fileEncoding = 4; lastKnownFileType = sourcecode.c.objc; path = QuestionViewController.m; sourceTree = "<group>"; };
		22DE3ACA1C497EF80075D5C3 /* C.png */ = {isa = PBXFileReference; lastKnownFileType = image.png; path = C.png; sourceTree = "<group>"; };
		22DE3ACB1C497EF80075D5C3 /* Java.png */ = {isa = PBXFileReference; lastKnownFileType = image.png; path = Java.png; sourceTree = "<group>"; };
		22DE3ACC1C497EF80075D5C3 /* Javascript.png */ = {isa = PBXFileReference; lastKnownFileType = image.png; path = Javascript.png; sourceTree = "<group>"; };
		22DE3ACD1C497EF80075D5C3 /* Python.png */ = {isa = PBXFileReference; lastKnownFileType = image.png; path = Python.png; sourceTree = "<group>"; };
		22DE3ACE1C497EF80075D5C3 /* Ruby.png */ = {isa = PBXFileReference; lastKnownFileType = image.png; path = Ruby.png; sourceTree = "<group>"; };
/* End PBXFileReference section */

/* Begin PBXFrameworksBuildPhase section */
		220854501C225A3400B27AF8 /* Frameworks */ = {
			isa = PBXFrameworksBuildPhase;
			buildActionMask = 2147483647;
			files = (
			);
			runOnlyForDeploymentPostprocessing = 0;
		};
		220854691C225A3400B27AF8 /* Frameworks */ = {
			isa = PBXFrameworksBuildPhase;
			buildActionMask = 2147483647;
			files = (
			);
			runOnlyForDeploymentPostprocessing = 0;
		};
/* End PBXFrameworksBuildPhase section */

/* Begin PBXGroup section */
		2208544A1C225A3400B27AF8 = {
			isa = PBXGroup;
			children = (
				220854551C225A3400B27AF8 /* Trivia */,
				2208546F1C225A3400B27AF8 /* TriviaTests */,
				220854541C225A3400B27AF8 /* Products */,
				22DE3AC91C497EE00075D5C3 /* Language_Icons */,
			);
			sourceTree = "<group>";
		};
		220854541C225A3400B27AF8 /* Products */ = {
			isa = PBXGroup;
			children = (
				220854531C225A3400B27AF8 /* Trivia.app */,
				2208546C1C225A3400B27AF8 /* TriviaTests.xctest */,
			);
			name = Products;
			sourceTree = "<group>";
		};
		220854551C225A3400B27AF8 /* Trivia */ = {
			isa = PBXGroup;
			children = (
				2208545A1C225A3400B27AF8 /* AppDelegate.h */,
				2208545B1C225A3400B27AF8 /* AppDelegate.m */,
				22DE3AC01C47052A0075D5C3 /* LanguagesTableViewController.h */,
				22DE3AC11C47052A0075D5C3 /* LanguagesTableViewController.m */,
				22DE3AC31C4712A80075D5C3 /* QuestionsTableViewController.h */,
				22DE3AC41C4712A80075D5C3 /* QuestionsTableViewController.m */,
				22DE3AC61C4827BB0075D5C3 /* QuestionViewController.h */,
				22DE3AC71C4827BB0075D5C3 /* QuestionViewController.m */,
				220854601C225A3400B27AF8 /* Main.storyboard */,
				220854631C225A3400B27AF8 /* Images.xcassets */,
				220854651C225A3400B27AF8 /* LaunchScreen.xib */,
				220854561C225A3400B27AF8 /* Supporting Files */,
			);
			path = Trivia;
			sourceTree = "<group>";
		};
		220854561C225A3400B27AF8 /* Supporting Files */ = {
			isa = PBXGroup;
			children = (
				220854571C225A3400B27AF8 /* Info.plist */,
				220854581C225A3400B27AF8 /* main.m */,
			);
			name = "Supporting Files";
			sourceTree = "<group>";
		};
		2208546F1C225A3400B27AF8 /* TriviaTests */ = {
			isa = PBXGroup;
			children = (
				220854721C225A3400B27AF8 /* TriviaTests.m */,
				220854701C225A3400B27AF8 /* Supporting Files */,
			);
			path = TriviaTests;
			sourceTree = "<group>";
		};
		220854701C225A3400B27AF8 /* Supporting Files */ = {
			isa = PBXGroup;
			children = (
				220854711C225A3400B27AF8 /* Info.plist */,
			);
			name = "Supporting Files";
			sourceTree = "<group>";
		};
		22DE3AC91C497EE00075D5C3 /* Language_Icons */ = {
			isa = PBXGroup;
			children = (
				22DE3ACA1C497EF80075D5C3 /* C.png */,
				22DE3ACB1C497EF80075D5C3 /* Java.png */,
				22DE3ACC1C497EF80075D5C3 /* Javascript.png */,
				22DE3ACD1C497EF80075D5C3 /* Python.png */,
				22DE3ACE1C497EF80075D5C3 /* Ruby.png */,
			);
			name = Language_Icons;
			path = Trivia;
			sourceTree = "<group>";
		};
/* End PBXGroup section */

/* Begin PBXNativeTarget section */
		220854521C225A3400B27AF8 /* Trivia */ = {
			isa = PBXNativeTarget;
			buildConfigurationList = 220854761C225A3400B27AF8 /* Build configuration list for PBXNativeTarget "Trivia" */;
			buildPhases = (
				2208544F1C225A3400B27AF8 /* Sources */,
				220854501C225A3400B27AF8 /* Frameworks */,
				220854511C225A3400B27AF8 /* Resources */,
			);
			buildRules = (
			);
			dependencies = (
			);
			name = Trivia;
			productName = Trivia;
			productReference = 220854531C225A3400B27AF8 /* Trivia.app */;
			productType = "com.apple.product-type.application";
		};
		2208546B1C225A3400B27AF8 /* TriviaTests */ = {
			isa = PBXNativeTarget;
			buildConfigurationList = 220854791C225A3400B27AF8 /* Build configuration list for PBXNativeTarget "TriviaTests" */;
			buildPhases = (
				220854681C225A3400B27AF8 /* Sources */,
				220854691C225A3400B27AF8 /* Frameworks */,
				2208546A1C225A3400B27AF8 /* Resources */,
			);
			buildRules = (
			);
			dependencies = (
				2208546E1C225A3400B27AF8 /* PBXTargetDependency */,
			);
			name = TriviaTests;
			productName = TriviaTests;
			productReference = 2208546C1C225A3400B27AF8 /* TriviaTests.xctest */;
			productType = "com.apple.product-type.bundle.unit-test";
		};
/* End PBXNativeTarget section */

/* Begin PBXProject section */
		2208544B1C225A3400B27AF8 /* Project object */ = {
			isa = PBXProject;
			attributes = {
				LastUpgradeCheck = 0630;
				ORGANIZATIONNAME = "Simon Zhu";
				TargetAttributes = {
					220854521C225A3400B27AF8 = {
						CreatedOnToolsVersion = 6.3.1;
					};
					2208546B1C225A3400B27AF8 = {
						CreatedOnToolsVersion = 6.3.1;
						TestTargetID = 220854521C225A3400B27AF8;
					};
				};
			};
			buildConfigurationList = 2208544E1C225A3400B27AF8 /* Build configuration list for PBXProject "Trivia" */;
			compatibilityVersion = "Xcode 3.2";
			developmentRegion = English;
			hasScannedForEncodings = 0;
			knownRegions = (
				en,
				Base,
			);
			mainGroup = 2208544A1C225A3400B27AF8;
			productRefGroup = 220854541C225A3400B27AF8 /* Products */;
			projectDirPath = "";
			projectRoot = "";
			targets = (
				220854521C225A3400B27AF8 /* Trivia */,
				2208546B1C225A3400B27AF8 /* TriviaTests */,
			);
		};
/* End PBXProject section */

/* Begin PBXResourcesBuildPhase section */
		220854511C225A3400B27AF8 /* Resources */ = {
			isa = PBXResourcesBuildPhase;
			buildActionMask = 2147483647;
			files = (
				22DE3AD11C497EF80075D5C3 /* Javascript.png in Resources */,
				220854621C225A3400B27AF8 /* Main.storyboard in Resources */,
				220854671C225A3400B27AF8 /* LaunchScreen.xib in Resources */,
				22DE3AD01C497EF80075D5C3 /* Java.png in Resources */,
				220854641C225A3400B27AF8 /* Images.xcassets in Resources */,
				22DE3ACF1C497EF80075D5C3 /* C.png in Resources */,
				22DE3AD21C497EF80075D5C3 /* Python.png in Resources */,
				22DE3AD31C497EF80075D5C3 /* Ruby.png in Resources */,
			);
			runOnlyForDeploymentPostprocessing = 0;
		};
		2208546A1C225A3400B27AF8 /* Resources */ = {
			isa = PBXResourcesBuildPhase;
			buildActionMask = 2147483647;
			files = (
			);
			runOnlyForDeploymentPostprocessing = 0;
		};
/* End PBXResourcesBuildPhase section */

/* Begin PBXSourcesBuildPhase section */
		2208544F1C225A3400B27AF8 /* Sources */ = {
			isa = PBXSourcesBuildPhase;
			buildActionMask = 2147483647;
			files = (
				2208545C1C225A3400B27AF8 /* AppDelegate.m in Sources */,
				22DE3AC81C4827BB0075D5C3 /* QuestionViewController.m in Sources */,
				220854591C225A3400B27AF8 /* main.m in Sources */,
				22DE3AC21C47052A0075D5C3 /* LanguagesTableViewController.m in Sources */,
				22DE3AC51C4712A80075D5C3 /* QuestionsTableViewController.m in Sources */,
			);
			runOnlyForDeploymentPostprocessing = 0;
		};
		220854681C225A3400B27AF8 /* Sources */ = {
			isa = PBXSourcesBuildPhase;
			buildActionMask = 2147483647;
			files = (
				220854731C225A3400B27AF8 /* TriviaTests.m in Sources */,
			);
			runOnlyForDeploymentPostprocessing = 0;
		};
/* End PBXSourcesBuildPhase section */

/* Begin PBXTargetDependency section */
		2208546E1C225A3400B27AF8 /* PBXTargetDependency */ = {
			isa = PBXTargetDependency;
			target = 220854521C225A3400B27AF8 /* Trivia */;
			targetProxy = 2208546D1C225A3400B27AF8 /* PBXContainerItemProxy */;
		};
/* End PBXTargetDependency section */

/* Begin PBXVariantGroup section */
		220854601C225A3400B27AF8 /* Main.storyboard */ = {
			isa = PBXVariantGroup;
			children = (
				220854611C225A3400B27AF8 /* Base */,
			);
			name = Main.storyboard;
			sourceTree = "<group>";
		};
		220854651C225A3400B27AF8 /* LaunchScreen.xib */ = {
			isa = PBXVariantGroup;
			children = (
				220854661C225A3400B27AF8 /* Base */,
			);
			name = LaunchScreen.xib;
			sourceTree = "<group>";
		};
/* End PBXVariantGroup section */

/* Begin XCBuildConfiguration section */
		220854741C225A3400B27AF8 /* Debug */ = {
			isa = XCBuildConfiguration;
			buildSettings = {
				ALWAYS_SEARCH_USER_PATHS = NO;
				CLANG_CXX_LANGUAGE_STANDARD = "gnu++0x";
				CLANG_CXX_LIBRARY = "libc++";
				CLANG_ENABLE_MODULES = YES;
				CLANG_ENABLE_OBJC_ARC = YES;
				CLANG_WARN_BOOL_CONVERSION = YES;
				CLANG_WARN_CONSTANT_CONVERSION = YES;
				CLANG_WARN_DIRECT_OBJC_ISA_USAGE = YES_ERROR;
				CLANG_WARN_EMPTY_BODY = YES;
				CLANG_WARN_ENUM_CONVERSION = YES;
				CLANG_WARN_INT_CONVERSION = YES;
				CLANG_WARN_OBJC_ROOT_CLASS = YES_ERROR;
				CLANG_WARN_UNREACHABLE_CODE = YES;
				CLANG_WARN__DUPLICATE_METHOD_MATCH = YES;
				"CODE_SIGN_IDENTITY[sdk=iphoneos*]" = "iPhone Developer";
				COPY_PHASE_STRIP = NO;
				DEBUG_INFORMATION_FORMAT = "dwarf-with-dsym";
				ENABLE_STRICT_OBJC_MSGSEND = YES;
				GCC_C_LANGUAGE_STANDARD = gnu99;
				GCC_DYNAMIC_NO_PIC = NO;
				GCC_NO_COMMON_BLOCKS = YES;
				GCC_OPTIMIZATION_LEVEL = 0;
				GCC_PREPROCESSOR_DEFINITIONS = (
					"DEBUG=1",
					"$(inherited)",
				);
				GCC_SYMBOLS_PRIVATE_EXTERN = NO;
				GCC_WARN_64_TO_32_BIT_CONVERSION = YES;
				GCC_WARN_ABOUT_RETURN_TYPE = YES_ERROR;
				GCC_WARN_UNDECLARED_SELECTOR = YES;
				GCC_WARN_UNINITIALIZED_AUTOS = YES_AGGRESSIVE;
				GCC_WARN_UNUSED_FUNCTION = YES;
				GCC_WARN_UNUSED_VARIABLE = YES;
				IPHONEOS_DEPLOYMENT_TARGET = 9.2;
				MTL_ENABLE_DEBUG_INFO = YES;
				ONLY_ACTIVE_ARCH = YES;
				SDKROOT = iphoneos;
			};
			name = Debug;
		};
		220854751C225A3400B27AF8 /* Release */ = {
			isa = XCBuildConfiguration;
			buildSettings = {
				ALWAYS_SEARCH_USER_PATHS = NO;
				CLANG_CXX_LANGUAGE_STANDARD = "gnu++0x";
				CLANG_CXX_LIBRARY = "libc++";
				CLANG_ENABLE_MODULES = YES;
				CLANG_ENABLE_OBJC_ARC = YES;
				CLANG_WARN_BOOL_CONVERSION = YES;
				CLANG_WARN_CONSTANT_CONVERSION = YES;
				CLANG_WARN_DIRECT_OBJC_ISA_USAGE = YES_ERROR;
				CLANG_WARN_EMPTY_BODY = YES;
				CLANG_WARN_ENUM_CONVERSION = YES;
				CLANG_WARN_INT_CONVERSION = YES;
				CLANG_WARN_OBJC_ROOT_CLASS = YES_ERROR;
				CLANG_WARN_UNREACHABLE_CODE = YES;
				CLANG_WARN__DUPLICATE_METHOD_MATCH = YES;
				"CODE_SIGN_IDENTITY[sdk=iphoneos*]" = "iPhone Developer";
				COPY_PHASE_STRIP = NO;
				DEBUG_INFORMATION_FORMAT = "dwarf-with-dsym";
				ENABLE_NS_ASSERTIONS = NO;
				ENABLE_STRICT_OBJC_MSGSEND = YES;
				GCC_C_LANGUAGE_STANDARD = gnu99;
				GCC_NO_COMMON_BLOCKS = YES;
				GCC_WARN_64_TO_32_BIT_CONVERSION = YES;
				GCC_WARN_ABOUT_RETURN_TYPE = YES_ERROR;
				GCC_WARN_UNDECLARED_SELECTOR = YES;
				GCC_WARN_UNINITIALIZED_AUTOS = YES_AGGRESSIVE;
				GCC_WARN_UNUSED_FUNCTION = YES;
				GCC_WARN_UNUSED_VARIABLE = YES;
				IPHONEOS_DEPLOYMENT_TARGET = 9.2;
				MTL_ENABLE_DEBUG_INFO = NO;
				SDKROOT = iphoneos;
				VALIDATE_PRODUCT = YES;
			};
			name = Release;
		};
		220854771C225A3400B27AF8 /* Debug */ = {
			isa = XCBuildConfiguration;
			buildSettings = {
				ASSETCATALOG_COMPILER_APPICON_NAME = AppIcon;
				INFOPLIST_FILE = Trivia/Info.plist;
				IPHONEOS_DEPLOYMENT_TARGET = 9.2;
				LD_RUNPATH_SEARCH_PATHS = "$(inherited) @executable_path/Frameworks";
				PRODUCT_NAME = "$(TARGET_NAME)";
			};
			name = Debug;
		};
		220854781C225A3400B27AF8 /* Release */ = {
			isa = XCBuildConfiguration;
			buildSettings = {
				ASSETCATALOG_COMPILER_APPICON_NAME = AppIcon;
				INFOPLIST_FILE = Trivia/Info.plist;
				IPHONEOS_DEPLOYMENT_TARGET = 9.2;
				LD_RUNPATH_SEARCH_PATHS = "$(inherited) @executable_path/Frameworks";
				PRODUCT_NAME = "$(TARGET_NAME)";
			};
			name = Release;
		};
		2208547A1C225A3400B27AF8 /* Debug */ = {
			isa = XCBuildConfiguration;
			buildSettings = {
				BUNDLE_LOADER = "$(TEST_HOST)";
				FRAMEWORK_SEARCH_PATHS = (
					"$(SDKROOT)/Developer/Library/Frameworks",
					"$(inherited)",
				);
				GCC_PREPROCESSOR_DEFINITIONS = (
					"DEBUG=1",
					"$(inherited)",
				);
				INFOPLIST_FILE = TriviaTests/Info.plist;
				LD_RUNPATH_SEARCH_PATHS = "$(inherited) @executable_path/Frameworks @loader_path/Frameworks";
				PRODUCT_NAME = "$(TARGET_NAME)";
				TEST_HOST = "$(BUILT_PRODUCTS_DIR)/Trivia.app/Trivia";
			};
			name = Debug;
		};
		2208547B1C225A3400B27AF8 /* Release */ = {
			isa = XCBuildConfiguration;
			buildSettings = {
				BUNDLE_LOADER = "$(TEST_HOST)";
				FRAMEWORK_SEARCH_PATHS = (
					"$(SDKROOT)/Developer/Library/Frameworks",
					"$(inherited)",
				);
				INFOPLIST_FILE = TriviaTests/Info.plist;
				LD_RUNPATH_SEARCH_PATHS = "$(inherited) @executable_path/Frameworks @loader_path/Frameworks";
				PRODUCT_NAME = "$(TARGET_NAME)";
				TEST_HOST = "$(BUILT_PRODUCTS_DIR)/Trivia.app/Trivia";
			};
			name = Release;
		};
/* End XCBuildConfiguration section */

/* Begin XCConfigurationList section */
		2208544E1C225A3400B27AF8 /* Build configuration list for PBXProject "Trivia" */ = {
			isa = XCConfigurationList;
			buildConfigurations = (
				220854741C225A3400B27AF8 /* Debug */,
				220854751C225A3400B27AF8 /* Release */,
			);
			defaultConfigurationIsVisible = 0;
			defaultConfigurationName = Release;
		};
		220854761C225A3400B27AF8 /* Build configuration list for PBXNativeTarget "Trivia" */ = {
			isa = XCConfigurationList;
			buildConfigurations = (
				220854771C225A3400B27AF8 /* Debug */,
				220854781C225A3400B27AF8 /* Release */,
			);
			defaultConfigurationIsVisible = 0;
			defaultConfigurationName = Release;
		};
		220854791C225A3400B27AF8 /* Build configuration list for PBXNativeTarget "TriviaTests" */ = {
			isa = XCConfigurationList;
			buildConfigurations = (
				2208547A1C225A3400B27AF8 /* Debug */,
				2208547B1C225A3400B27AF8 /* Release */,
			);
			defaultConfigurationIsVisible = 0;
			defaultConfigurationName = Release;
		};
/* End XCConfigurationList section */
	};
	rootObject = 2208544B1C225A3400B27AF8 /* Project object */;
}
